{
  "name": "hi",
  "version": "1.0.0",
  "lockfileVersion": 3,
  "requires": true,
  "packages": {
    "": {
      "name": "hi",
      "version": "1.0.0",
      "license": "ISC",
      "workspaces": [
        "../../packages/luma-js",
        "../../packages/luma-cli",
        "../../packages/luma-router"
      ]
    },
    "../../package": {
      "name": "luma-js",
      "version": "2.0.4",
      "extraneous": true,
      "license": "MIT",
      "dependencies": {
        "snabbdom": "^3.5.1",
        "snabbdom-to-html": "^7.1.0"
      },
      "devDependencies": {
        "typescript": "^5.2.2"
      }
    },
    "../../packages/luma-cli": {
      "version": "1.0.0",
      "license": "ISC",
      "dependencies": {
        "commander": "^13.0.0",
        "esbuild": "^0.24.2",
        "luma-js": "^2.0.4"
      },
      "bin": {
        "luma": "build/bin/cli.js"
      },
      "devDependencies": {
        "@types/node": "^22.10.6",
        "typescript": "^5.7.3"
      }
    },
    "../../packages/luma-js": {
      "version": "2.0.4",
      "license": "MIT",
      "dependencies": {
        "snabbdom": "^3.5.1",
        "snabbdom-to-html": "^7.1.0"
      },
      "devDependencies": {
        "@types/node": "^20.12.7",
        "typescript": "^5.2.2"
      }
    },
    "../../packages/luma-router": {
      "version": "1.0.0",
      "license": "MIT",
      "dependencies": {
        "snabbdom-to-html": "^7.1.0"
      },
      "devDependencies": {
        "@types/node": "^20.10.8",
        "typescript": "^5.3.3"
      }
    },
    "node_modules/luma-cli": {
      "resolved": "../../packages/luma-cli",
      "link": true
    },
    "node_modules/luma-js": {
      "resolved": "../../packages/luma-js",
      "link": true
    },
    "node_modules/luma-router": {
      "resolved": "../../packages/luma-router",
      "link": true
    }
  }
}
